
Microsoft Visual Studio Solution File, Format Version 12.00
# Visual Studio Version 17
VisualStudioVersion = 17.5.002.0
MinimumVisualStudioVersion = 10.0.40219.1
Project("{9A19103F-16F7-4668-BE54-9A1E7A4F7556}") = "RoleBasedAuthentication", "RoleBasedAuthentication.csproj", "{2953EB04-19FC-45F0-A678-A92A8FFB8122}"
EndProject
Global
	GlobalSection(SolutionConfigurationPlatforms) = preSolution
		Debug|Any CPU = Debug|Any CPU
		Release|Any CPU = Release|Any CPU
	EndGlobalSection
	GlobalSection(ProjectConfigurationPlatforms) = postSolution
		{2953EB04-19FC-45F0-A678-A92A8FFB8122}.Debug|Any CPU.ActiveCfg = Debug|Any CPU
		{2953EB04-19FC-45F0-A678-A92A8FFB8122}.Debug|Any CPU.Build.0 = Debug|Any CPU
		{2953EB04-19FC-45F0-A678-A92A8FFB8122}.Release|Any CPU.ActiveCfg = Release|Any CPU
		{2953EB04-19FC-45F0-A678-A92A8FFB8122}.Release|Any CPU.Build.0 = Release|Any CPU
	EndGlobalSection
	GlobalSection(SolutionProperties) = preSolution
		HideSolutionNode = FALSE
	EndGlobalSection
	GlobalSection(ExtensibilityGlobals) = postSolution
		SolutionGuid = {6B018697-5BC6-4A6C-8C03-6366BFDEA085}
	EndGlobalSection
EndGlobal
